
Microsoft Visual Studio Solution File, Format Version 12.00
# Visual Studio Version 17
VisualStudioVersion = 17.4.33213.308
MinimumVisualStudioVersion = 10.0.40219.1
Project("{FAE04EC0-301F-11D3-BF4B-00C04F79EFBC}") = "MyStore", "MyStore\MyStore.csproj", "{1BF78B78-7474-4078-91A7-357A4D1309AD}"
EndProject
Global
	GlobalSection(SolutionConfigurationPlatforms) = preSolution
		Debug|Any CPU = Debug|Any CPU
		Release|Any CPU = Release|Any CPU
	EndGlobalSection
	GlobalSection(ProjectConfigurationPlatforms) = postSolution
		{1BF78B78-7474-4078-91A7-357A4D1309AD}.Debug|Any CPU.ActiveCfg = Debug|Any CPU
		{1BF78B78-7474-4078-91A7-357A4D1309AD}.Debug|Any CPU.Build.0 = Debug|Any CPU
		{1BF78B78-7474-4078-91A7-357A4D1309AD}.Release|Any CPU.ActiveCfg = Release|Any CPU
		{1BF78B78-7474-4078-91A7-357A4D1309AD}.Release|Any CPU.Build.0 = Release|Any CPU
	EndGlobalSection
	GlobalSection(SolutionProperties) = preSolution
		HideSolutionNode = FALSE
	EndGlobalSection
	GlobalSection(ExtensibilityGlobals) = postSolution
		SolutionGuid = {394BCF70-88C2-4F60-8BC4-2D8E9AD412E3}
	EndGlobalSection
EndGlobal
